
Microsoft Visual Studio Solution File, Format Version 12.00
# Visual Studio Version 16
VisualStudioVersion = 16.6.30114.105
MinimumVisualStudioVersion = 10.0.40219.1
Project("{FAE04EC0-301F-11D3-BF4B-00C04F79EFBC}") = "API", "API\API.csproj", "{C81E0EE7-74A6-47E3-BB8E-B15D82774C0F}"
EndProject
Project("{FAE04EC0-301F-11D3-BF4B-00C04F79EFBC}") = "Application", "Application\Application.csproj", "{B73BF16B-E5C6-4DA5-BA02-507DC09A13BC}"
EndProject
Project("{FAE04EC0-301F-11D3-BF4B-00C04F79EFBC}") = "Domain", "Domain\Domain.csproj", "{9019538B-8FF8-427A-8C89-2B9656EF1424}"
EndProject
Project("{FAE04EC0-301F-11D3-BF4B-00C04F79EFBC}") = "Persistence", "Persistence\Persistence.csproj", "{544B4082-4713-4279-8D61-0903943E4989}"
EndProject
Global
	GlobalSection(SolutionConfigurationPlatforms) = preSolution
		Debug|Any CPU = Debug|Any CPU
		Debug|x64 = Debug|x64
		Debug|x86 = Debug|x86
		Release|Any CPU = Release|Any CPU
		Release|x64 = Release|x64
		Release|x86 = Release|x86
	EndGlobalSection
	GlobalSection(SolutionProperties) = preSolution
		HideSolutionNode = FALSE
	EndGlobalSection
	GlobalSection(ProjectConfigurationPlatforms) = postSolution
		{C81E0EE7-74A6-47E3-BB8E-B15D82774C0F}.Debug|Any CPU.ActiveCfg = Debug|Any CPU
		{C81E0EE7-74A6-47E3-BB8E-B15D82774C0F}.Debug|Any CPU.Build.0 = Debug|Any CPU
		{C81E0EE7-74A6-47E3-BB8E-B15D82774C0F}.Debug|x64.ActiveCfg = Debug|Any CPU
		{C81E0EE7-74A6-47E3-BB8E-B15D82774C0F}.Debug|x64.Build.0 = Debug|Any CPU
		{C81E0EE7-74A6-47E3-BB8E-B15D82774C0F}.Debug|x86.ActiveCfg = Debug|Any CPU
		{C81E0EE7-74A6-47E3-BB8E-B15D82774C0F}.Debug|x86.Build.0 = Debug|Any CPU
		{C81E0EE7-74A6-47E3-BB8E-B15D82774C0F}.Release|Any CPU.ActiveCfg = Release|Any CPU
		{C81E0EE7-74A6-47E3-BB8E-B15D82774C0F}.Release|Any CPU.Build.0 = Release|Any CPU
		{C81E0EE7-74A6-47E3-BB8E-B15D82774C0F}.Release|x64.ActiveCfg = Release|Any CPU
		{C81E0EE7-74A6-47E3-BB8E-B15D82774C0F}.Release|x64.Build.0 = Release|Any CPU
		{C81E0EE7-74A6-47E3-BB8E-B15D82774C0F}.Release|x86.ActiveCfg = Release|Any CPU
		{C81E0EE7-74A6-47E3-BB8E-B15D82774C0F}.Release|x86.Build.0 = Release|Any CPU
		{B73BF16B-E5C6-4DA5-BA02-507DC09A13BC}.Debug|Any CPU.ActiveCfg = Debug|Any CPU
		{B73BF16B-E5C6-4DA5-BA02-507DC09A13BC}.Debug|Any CPU.Build.0 = Debug|Any CPU
		{B73BF16B-E5C6-4DA5-BA02-507DC09A13BC}.Debug|x64.ActiveCfg = Debug|Any CPU
		{B73BF16B-E5C6-4DA5-BA02-507DC09A13BC}.Debug|x64.Build.0 = Debug|Any CPU
		{B73BF16B-E5C6-4DA5-BA02-507DC09A13BC}.Debug|x86.ActiveCfg = Debug|Any CPU
		{B73BF16B-E5C6-4DA5-BA02-507DC09A13BC}.Debug|x86.Build.0 = Debug|Any CPU
		{B73BF16B-E5C6-4DA5-BA02-507DC09A13BC}.Release|Any CPU.ActiveCfg = Release|Any CPU
		{B73BF16B-E5C6-4DA5-BA02-507DC09A13BC}.Release|Any CPU.Build.0 = Release|Any CPU
		{B73BF16B-E5C6-4DA5-BA02-507DC09A13BC}.Release|x64.ActiveCfg = Release|Any CPU
		{B73BF16B-E5C6-4DA5-BA02-507DC09A13BC}.Release|x64.Build.0 = Release|Any CPU
		{B73BF16B-E5C6-4DA5-BA02-507DC09A13BC}.Release|x86.ActiveCfg = Release|Any CPU
		{B73BF16B-E5C6-4DA5-BA02-507DC09A13BC}.Release|x86.Build.0 = Release|Any CPU
		{9019538B-8FF8-427A-8C89-2B9656EF1424}.Debug|Any CPU.ActiveCfg = Debug|Any CPU
		{9019538B-8FF8-427A-8C89-2B9656EF1424}.Debug|Any CPU.Build.0 = Debug|Any CPU
		{9019538B-8FF8-427A-8C89-2B9656EF1424}.Debug|x64.ActiveCfg = Debug|Any CPU
		{9019538B-8FF8-427A-8C89-2B9656EF1424}.Debug|x64.Build.0 = Debug|Any CPU
		{9019538B-8FF8-427A-8C89-2B9656EF1424}.Debug|x86.ActiveCfg = Debug|Any CPU
		{9019538B-8FF8-427A-8C89-2B9656EF1424}.Debug|x86.Build.0 = Debug|Any CPU
		{9019538B-8FF8-427A-8C89-2B9656EF1424}.Release|Any CPU.ActiveCfg = Release|Any CPU
		{9019538B-8FF8-427A-8C89-2B9656EF1424}.Release|Any CPU.Build.0 = Release|Any CPU
		{9019538B-8FF8-427A-8C89-2B9656EF1424}.Release|x64.ActiveCfg = Release|Any CPU
		{9019538B-8FF8-427A-8C89-2B9656EF1424}.Release|x64.Build.0 = Release|Any CPU
		{9019538B-8FF8-427A-8C89-2B9656EF1424}.Release|x86.ActiveCfg = Release|Any CPU
		{9019538B-8FF8-427A-8C89-2B9656EF1424}.Release|x86.Build.0 = Release|Any CPU
		{544B4082-4713-4279-8D61-0903943E4989}.Debug|Any CPU.ActiveCfg = Debug|Any CPU
		{544B4082-4713-4279-8D61-0903943E4989}.Debug|Any CPU.Build.0 = Debug|Any CPU
		{544B4082-4713-4279-8D61-0903943E4989}.Debug|x64.ActiveCfg = Debug|Any CPU
		{544B4082-4713-4279-8D61-0903943E4989}.Debug|x64.Build.0 = Debug|Any CPU
		{544B4082-4713-4279-8D61-0903943E4989}.Debug|x86.ActiveCfg = Debug|Any CPU
		{544B4082-4713-4279-8D61-0903943E4989}.Debug|x86.Build.0 = Debug|Any CPU
		{544B4082-4713-4279-8D61-0903943E4989}.Release|Any CPU.ActiveCfg = Release|Any CPU
		{544B4082-4713-4279-8D61-0903943E4989}.Release|Any CPU.Build.0 = Release|Any CPU
		{544B4082-4713-4279-8D61-0903943E4989}.Release|x64.ActiveCfg = Release|Any CPU
		{544B4082-4713-4279-8D61-0903943E4989}.Release|x64.Build.0 = Release|Any CPU
		{544B4082-4713-4279-8D61-0903943E4989}.Release|x86.ActiveCfg = Release|Any CPU
		{544B4082-4713-4279-8D61-0903943E4989}.Release|x86.Build.0 = Release|Any CPU
	EndGlobalSection
EndGlobal
